
Microsoft Visual Studio Solution File, Format Version 12.00
# Visual Studio 14
VisualStudioVersion = 14.0.25123.0
MinimumVisualStudioVersion = 10.0.40219.1
Project("{FAE04EC0-301F-11D3-BF4B-00C04F79EFBC}") = "OOtomasyon.WinUI", "OOtomasyon\OOtomasyon.WinUI.csproj", "{A4B4740D-197A-498E-9696-1B03B1927494}"
EndProject
Project("{FAE04EC0-301F-11D3-BF4B-00C04F79EFBC}") = "OOtomasyon.DAL", "OOtomasyon.DAL\OOtomasyon.DAL.csproj", "{223043EB-1CE2-4906-BC33-17126A40D1AA}"
EndProject
Project("{FAE04EC0-301F-11D3-BF4B-00C04F79EFBC}") = "OOtomasyon.BLL", "OOtomasyon.BLL\OOtomasyon.BLL.csproj", "{B8DB0EEC-0A8B-4E76-8ACD-E0E6AA30639F}"
EndProject
Global
	GlobalSection(SolutionConfigurationPlatforms) = preSolution
		Debug|Any CPU = Debug|Any CPU
		Release|Any CPU = Release|Any CPU
	EndGlobalSection
	GlobalSection(ProjectConfigurationPlatforms) = postSolution
		{A4B4740D-197A-498E-9696-1B03B1927494}.Debug|Any CPU.ActiveCfg = Debug|Any CPU
		{A4B4740D-197A-498E-9696-1B03B1927494}.Debug|Any CPU.Build.0 = Debug|Any CPU
		{A4B4740D-197A-498E-9696-1B03B1927494}.Release|Any CPU.ActiveCfg = Release|Any CPU
		{A4B4740D-197A-498E-9696-1B03B1927494}.Release|Any CPU.Build.0 = Release|Any CPU
		{223043EB-1CE2-4906-BC33-17126A40D1AA}.Debug|Any CPU.ActiveCfg = Debug|Any CPU
		{223043EB-1CE2-4906-BC33-17126A40D1AA}.Debug|Any CPU.Build.0 = Debug|Any CPU
		{223043EB-1CE2-4906-BC33-17126A40D1AA}.Release|Any CPU.ActiveCfg = Release|Any CPU
		{223043EB-1CE2-4906-BC33-17126A40D1AA}.Release|Any CPU.Build.0 = Release|Any CPU
		{B8DB0EEC-0A8B-4E76-8ACD-E0E6AA30639F}.Debug|Any CPU.ActiveCfg = Debug|Any CPU
		{B8DB0EEC-0A8B-4E76-8ACD-E0E6AA30639F}.Debug|Any CPU.Build.0 = Debug|Any CPU
		{B8DB0EEC-0A8B-4E76-8ACD-E0E6AA30639F}.Release|Any CPU.ActiveCfg = Release|Any CPU
		{B8DB0EEC-0A8B-4E76-8ACD-E0E6AA30639F}.Release|Any CPU.Build.0 = Release|Any CPU
	EndGlobalSection
	GlobalSection(SolutionProperties) = preSolution
		HideSolutionNode = FALSE
	EndGlobalSection
	GlobalSection(TeamFoundationVersionControl) = preSolution
		SccNumberOfProjects = 4
		SccEnterpriseProvider = {4CA58AB2-18FA-4F8D-95D4-32DDF27D184C}
		SccTeamFoundationServer = https://nurettintoparli.visualstudio.com/
		SccLocalPath0 = .
		SccProjectUniqueName1 = OOtomasyon.BLL\\OOtomasyon.BLL.csproj
		SccProjectName1 = OOtomasyon.BLL
		SccLocalPath1 = OOtomasyon.BLL
		SccProjectUniqueName2 = OOtomasyon.DAL\\OOtomasyon.DAL.csproj
		SccProjectName2 = OOtomasyon.DAL
		SccLocalPath2 = OOtomasyon.DAL
		SccProjectUniqueName3 = OOtomasyon\\OOtomasyon.WinUI.csproj
		SccProjectName3 = OOtomasyon
		SccLocalPath3 = OOtomasyon
	EndGlobalSection
EndGlobal
